
Microsoft Visual Studio Solution File, Format Version 12.00
# Visual Studio Version 17
VisualStudioVersion = 17.9.34622.214
MinimumVisualStudioVersion = 10.0.40219.1
Project("{9A19103F-16F7-4668-BE54-9A1E7A4F7556}") = "OakLab.MetaBuilders", "src\OakLab.MetaBuilders\OakLab.MetaBuilders.csproj", "{3064E83E-D9BE-4D06-BA9B-095481C0D51F}"
EndProject
Project("{FAE04EC0-301F-11D3-BF4B-00C04F79EFBC}") = "OakLab.MetaBuilders.Generator", "src\OakLab.MetaBuilders.Generator\OakLab.MetaBuilders.Generator.csproj", "{6E97DCDE-55B2-415E-9CCD-0C77726FD89F}"
EndProject
Global
	GlobalSection(SolutionConfigurationPlatforms) = preSolution
		Debug|Any CPU = Debug|Any CPU
		Release|Any CPU = Release|Any CPU
	EndGlobalSection
	GlobalSection(ProjectConfigurationPlatforms) = postSolution
		{3064E83E-D9BE-4D06-BA9B-095481C0D51F}.Debug|Any CPU.ActiveCfg = Debug|Any CPU
		{3064E83E-D9BE-4D06-BA9B-095481C0D51F}.Debug|Any CPU.Build.0 = Debug|Any CPU
		{3064E83E-D9BE-4D06-BA9B-095481C0D51F}.Release|Any CPU.ActiveCfg = Release|Any CPU
		{3064E83E-D9BE-4D06-BA9B-095481C0D51F}.Release|Any CPU.Build.0 = Release|Any CPU
		{6E97DCDE-55B2-415E-9CCD-0C77726FD89F}.Debug|Any CPU.ActiveCfg = Debug|Any CPU
		{6E97DCDE-55B2-415E-9CCD-0C77726FD89F}.Debug|Any CPU.Build.0 = Debug|Any CPU
		{6E97DCDE-55B2-415E-9CCD-0C77726FD89F}.Release|Any CPU.ActiveCfg = Release|Any CPU
		{6E97DCDE-55B2-415E-9CCD-0C77726FD89F}.Release|Any CPU.Build.0 = Release|Any CPU
	EndGlobalSection
	GlobalSection(SolutionProperties) = preSolution
		HideSolutionNode = FALSE
	EndGlobalSection
	GlobalSection(ExtensibilityGlobals) = postSolution
		SolutionGuid = {4640AA5E-85D5-453B-A4B2-711B7F3FB6CC}
	EndGlobalSection
EndGlobal
